// !$*UTF8*$!
{
	archiveVersion = 1;
	classes = {
	};
	objectVersion = 48;
	objects = {

/* Begin PBXBuildFile section */
		4D0870C31FD14C55004AFF53 /* Main.storyboard in Resources */ = {isa = PBXBuildFile; fileRef = 4D0870C11FD14C55004AFF53 /* Main.storyboard */; };
		4D0870C51FD14C55004AFF53 /* Assets.xcassets in Resources */ = {isa = PBXBuildFile; fileRef = 4D0870C41FD14C55004AFF53 /* Assets.xcassets */; };
		4D0870C81FD14C55004AFF53 /* LaunchScreen.storyboard in Resources */ = {isa = PBXBuildFile; fileRef = 4D0870C61FD14C55004AFF53 /* LaunchScreen.storyboard */; };
		4D0870D31FD14C55004AFF53 /* VirtualTouristTests.swift in Sources */ = {isa = PBXBuildFile; fileRef = 4D0870D21FD14C55004AFF53 /* VirtualTouristTests.swift */; };
		4D0870DE1FD14C55004AFF53 /* VirtualTouristUITests.swift in Sources */ = {isa = PBXBuildFile; fileRef = 4D0870DD1FD14C55004AFF53 /* VirtualTouristUITests.swift */; };
		4D78D9961FD816FD00044DD3 /* AppDelegate.swift in Sources */ = {isa = PBXBuildFile; fileRef = 4D0870BD1FD14C55004AFF53 /* AppDelegate.swift */; };
		4D78D9971FD816FD00044DD3 /* GCDQueue.swift in Sources */ = {isa = PBXBuildFile; fileRef = 4D0870EB1FD14F7A004AFF53 /* GCDQueue.swift */; };
		4D78D9981FD816FD00044DD3 /* CoreDataStack.swift in Sources */ = {isa = PBXBuildFile; fileRef = 4DE17FE11FD804CA0044323D /* CoreDataStack.swift */; };
		4D78D9991FD816FD00044DD3 /* Model.xcdatamodeld in Sources */ = {isa = PBXBuildFile; fileRef = 4DE17FDE1FD7FDBE0044323D /* Model.xcdatamodeld */; };
		4D78D99A1FD816FD00044DD3 /* FlickrImage.swift in Sources */ = {isa = PBXBuildFile; fileRef = 4DF4299A1FD6B9A0002C5A80 /* FlickrImage.swift */; };
		4D78D99B1FD816FD00044DD3 /* FlickrClient.swift in Sources */ = {isa = PBXBuildFile; fileRef = 4DF429981FD6B384002C5A80 /* FlickrClient.swift */; };
		4D78D99C1FD816FD00044DD3 /* FlickrConstants.swift in Sources */ = {isa = PBXBuildFile; fileRef = 4DF429961FD6B341002C5A80 /* FlickrConstants.swift */; };
		4D78D99D1FD816FD00044DD3 /* TravelLocationsMapViewController.swift in Sources */ = {isa = PBXBuildFile; fileRef = 4D0870BF1FD14C55004AFF53 /* TravelLocationsMapViewController.swift */; };
		4D933DD81FD8206E003523E8 /* LocationPin+CoreDataClass.swift in Sources */ = {isa = PBXBuildFile; fileRef = 4D933DD61FD8206E003523E8 /* LocationPin+CoreDataClass.swift */; };
		4D933DD91FD8206E003523E8 /* LocationPin+CoreDataProperties.swift in Sources */ = {isa = PBXBuildFile; fileRef = 4D933DD71FD8206E003523E8 /* LocationPin+CoreDataProperties.swift */; };
		4DB246791FDEC2E6005AB94B /* Photo+CoreDataClass.swift in Sources */ = {isa = PBXBuildFile; fileRef = 4DB246771FDEC2E6005AB94B /* Photo+CoreDataClass.swift */; };
		4DB2467A1FDEC2E6005AB94B /* Photo+CoreDataProperties.swift in Sources */ = {isa = PBXBuildFile; fileRef = 4DB246781FDEC2E6005AB94B /* Photo+CoreDataProperties.swift */; };
		4DEC0C721FD957D200BB0BC8 /* PhotoAlbumViewController.swift in Sources */ = {isa = PBXBuildFile; fileRef = 4DEC0C711FD957D200BB0BC8 /* PhotoAlbumViewController.swift */; };
		4DEC0C741FD95F9F00BB0BC8 /* PhotoAlbumCollectionViewCell.swift in Sources */ = {isa = PBXBuildFile; fileRef = 4DEC0C731FD95F9F00BB0BC8 /* PhotoAlbumCollectionViewCell.swift */; };
/* End PBXBuildFile section */

/* Begin PBXContainerItemProxy section */
		4D0870CF1FD14C55004AFF53 /* PBXContainerItemProxy */ = {
			isa = PBXContainerItemProxy;
			containerPortal = 4D0870B21FD14C55004AFF53 /* Project object */;
			proxyType = 1;
			remoteGlobalIDString = 4D0870B91FD14C55004AFF53;
			remoteInfo = VirtualTourist;
		};
		4D0870DA1FD14C55004AFF53 /* PBXContainerItemProxy */ = {
			isa = PBXContainerItemProxy;
			containerPortal = 4D0870B21FD14C55004AFF53 /* Project object */;
			proxyType = 1;
			remoteGlobalIDString = 4D0870B91FD14C55004AFF53;
			remoteInfo = VirtualTourist;
		};
/* End PBXContainerItemProxy section */

/* Begin PBXFileReference section */
		4D0870BA1FD14C55004AFF53 /* VirtualTourist.app */ = {isa = PBXFileReference; explicitFileType = wrapper.application; includeInIndex = 0; path = VirtualTourist.app; sourceTree = BUILT_PRODUCTS_DIR; };
		4D0870BD1FD14C55004AFF53 /* AppDelegate.swift */ = {isa = PBXFileReference; lastKnownFileType = sourcecode.swift; path = AppDelegate.swift; sourceTree = "<group>"; };
		4D0870BF1FD14C55004AFF53 /* TravelLocationsMapViewController.swift */ = {isa = PBXFileReference; lastKnownFileType = sourcecode.swift; path = TravelLocationsMapViewController.swift; sourceTree = "<group>"; };
		4D0870C21FD14C55004AFF53 /* Base */ = {isa = PBXFileReference; lastKnownFileType = file.storyboard; name = Base; path = Base.lproj/Main.storyboard; sourceTree = "<group>"; };
		4D0870C41FD14C55004AFF53 /* Assets.xcassets */ = {isa = PBXFileReference; lastKnownFileType = folder.assetcatalog; path = Assets.xcassets; sourceTree = "<group>"; };
		4D0870C71FD14C55004AFF53 /* Base */ = {isa = PBXFileReference; lastKnownFileType = file.storyboard; name = Base; path = Base.lproj/LaunchScreen.storyboard; sourceTree = "<group>"; };
		4D0870C91FD14C55004AFF53 /* Info.plist */ = {isa = PBXFileReference; lastKnownFileType = text.plist.xml; path = Info.plist; sourceTree = "<group>"; };
		4D0870CE1FD14C55004AFF53 /* VirtualTouristTests.xctest */ = {isa = PBXFileReference; explicitFileType = wrapper.cfbundle; includeInIndex = 0; path = VirtualTouristTests.xctest; sourceTree = BUILT_PRODUCTS_DIR; };
		4D0870D21FD14C55004AFF53 /* VirtualTouristTests.swift */ = {isa = PBXFileReference; lastKnownFileType = sourcecode.swift; path = VirtualTouristTests.swift; sourceTree = "<group>"; };
		4D0870D41FD14C55004AFF53 /* Info.plist */ = {isa = PBXFileReference; lastKnownFileType = text.plist.xml; path = Info.plist; sourceTree = "<group>"; };
		4D0870D91FD14C55004AFF53 /* VirtualTouristUITests.xctest */ = {isa = PBXFileReference; explicitFileType = wrapper.cfbundle; includeInIndex = 0; path = VirtualTouristUITests.xctest; sourceTree = BUILT_PRODUCTS_DIR; };
		4D0870DD1FD14C55004AFF53 /* VirtualTouristUITests.swift */ = {isa = PBXFileReference; lastKnownFileType = sourcecode.swift; path = VirtualTouristUITests.swift; sourceTree = "<group>"; };
		4D0870DF1FD14C55004AFF53 /* Info.plist */ = {isa = PBXFileReference; lastKnownFileType = text.plist.xml; path = Info.plist; sourceTree = "<group>"; };
		4D0870EB1FD14F7A004AFF53 /* GCDQueue.swift */ = {isa = PBXFileReference; lastKnownFileType = sourcecode.swift; path = GCDQueue.swift; sourceTree = "<group>"; };
		4D933DD61FD8206E003523E8 /* LocationPin+CoreDataClass.swift */ = {isa = PBXFileReference; lastKnownFileType = sourcecode.swift; path = "LocationPin+CoreDataClass.swift"; sourceTree = "<group>"; };
		4D933DD71FD8206E003523E8 /* LocationPin+CoreDataProperties.swift */ = {isa = PBXFileReference; lastKnownFileType = sourcecode.swift; path = "LocationPin+CoreDataProperties.swift"; sourceTree = "<group>"; };
		4DB246771FDEC2E6005AB94B /* Photo+CoreDataClass.swift */ = {isa = PBXFileReference; lastKnownFileType = sourcecode.swift; name = "Photo+CoreDataClass.swift"; path = "../../Photo+CoreDataClass.swift"; sourceTree = "<group>"; };
		4DB246781FDEC2E6005AB94B /* Photo+CoreDataProperties.swift */ = {isa = PBXFileReference; lastKnownFileType = sourcecode.swift; name = "Photo+CoreDataProperties.swift"; path = "../../Photo+CoreDataProperties.swift"; sourceTree = "<group>"; };
		4DE17FDF1FD7FDBE0044323D /* Model.xcdatamodel */ = {isa = PBXFileReference; lastKnownFileType = wrapper.xcdatamodel; path = Model.xcdatamodel; sourceTree = "<group>"; };
		4DE17FE11FD804CA0044323D /* CoreDataStack.swift */ = {isa = PBXFileReference; lastKnownFileType = sourcecode.swift; path = CoreDataStack.swift; sourceTree = "<group>"; };
		4DEC0C711FD957D200BB0BC8 /* PhotoAlbumViewController.swift */ = {isa = PBXFileReference; lastKnownFileType = sourcecode.swift; path = PhotoAlbumViewController.swift; sourceTree = "<group>"; };
		4DEC0C731FD95F9F00BB0BC8 /* PhotoAlbumCollectionViewCell.swift */ = {isa = PBXFileReference; lastKnownFileType = sourcecode.swift; path = PhotoAlbumCollectionViewCell.swift; sourceTree = "<group>"; };
		4DF429961FD6B341002C5A80 /* FlickrConstants.swift */ = {isa = PBXFileReference; lastKnownFileType = sourcecode.swift; path = FlickrConstants.swift; sourceTree = "<group>"; };
		4DF429981FD6B384002C5A80 /* FlickrClient.swift */ = {isa = PBXFileReference; lastKnownFileType = sourcecode.swift; path = FlickrClient.swift; sourceTree = "<group>"; };
		4DF4299A1FD6B9A0002C5A80 /* FlickrImage.swift */ = {isa = PBXFileReference; lastKnownFileType = sourcecode.swift; path = FlickrImage.swift; sourceTree = "<group>"; };
/* End PBXFileReference section */

/* Begin PBXFrameworksBuildPhase section */
		4D0870B71FD14C55004AFF53 /* Frameworks */ = {
			isa = PBXFrameworksBuildPhase;
			buildActionMask = 2147483647;
			files = (
			);
			runOnlyForDeploymentPostprocessing = 0;
		};
		4D0870CB1FD14C55004AFF53 /* Frameworks */ = {
			isa = PBXFrameworksBuildPhase;
			buildActionMask = 2147483647;
			files = (
			);
			runOnlyForDeploymentPostprocessing = 0;
		};
		4D0870D61FD14C55004AFF53 /* Frameworks */ = {
			isa = PBXFrameworksBuildPhase;
			buildActionMask = 2147483647;
			files = (
			);
			runOnlyForDeploymentPostprocessing = 0;
		};
/* End PBXFrameworksBuildPhase section */

/* Begin PBXGroup section */
		4D0870B11FD14C55004AFF53 = {
			isa = PBXGroup;
			children = (
				4D0870BC1FD14C55004AFF53 /* VirtualTourist */,
				4D0870D11FD14C55004AFF53 /* VirtualTouristTests */,
				4D0870DC1FD14C55004AFF53 /* VirtualTouristUITests */,
				4D0870BB1FD14C55004AFF53 /* Products */,
			);
			sourceTree = "<group>";
		};
		4D0870BB1FD14C55004AFF53 /* Products */ = {
			isa = PBXGroup;
			children = (
				4D0870BA1FD14C55004AFF53 /* VirtualTourist.app */,
				4D0870CE1FD14C55004AFF53 /* VirtualTouristTests.xctest */,
				4D0870D91FD14C55004AFF53 /* VirtualTouristUITests.xctest */,
			);
			name = Products;
			sourceTree = "<group>";
		};
		4D0870BC1FD14C55004AFF53 /* VirtualTourist */ = {
			isa = PBXGroup;
			children = (
				4D0870C91FD14C55004AFF53 /* Info.plist */,
				4D0870BD1FD14C55004AFF53 /* AppDelegate.swift */,
				4D0870EB1FD14F7A004AFF53 /* GCDQueue.swift */,
				4DF429901FD6B231002C5A80 /* Supporting Files */,
				4DF429911FD6B287002C5A80 /* Model */,
				4DF429921FD6B297002C5A80 /* View */,
				4DF429931FD6B2AE002C5A80 /* Controller */,
			);
			path = VirtualTourist;
			sourceTree = "<group>";
		};
		4D0870D11FD14C55004AFF53 /* VirtualTouristTests */ = {
			isa = PBXGroup;
			children = (
				4D0870D21FD14C55004AFF53 /* VirtualTouristTests.swift */,
				4D0870D41FD14C55004AFF53 /* Info.plist */,
			);
			path = VirtualTouristTests;
			sourceTree = "<group>";
		};
		4D0870DC1FD14C55004AFF53 /* VirtualTouristUITests */ = {
			isa = PBXGroup;
			children = (
				4D0870DD1FD14C55004AFF53 /* VirtualTouristUITests.swift */,
				4D0870DF1FD14C55004AFF53 /* Info.plist */,
			);
			path = VirtualTouristUITests;
			sourceTree = "<group>";
		};
		4DF429901FD6B231002C5A80 /* Supporting Files */ = {
			isa = PBXGroup;
			children = (
				4D0870C41FD14C55004AFF53 /* Assets.xcassets */,
				4D0870C61FD14C55004AFF53 /* LaunchScreen.storyboard */,
			);
			path = "Supporting Files";
			sourceTree = "<group>";
		};
		4DF429911FD6B287002C5A80 /* Model */ = {
			isa = PBXGroup;
			children = (
				4DB246771FDEC2E6005AB94B /* Photo+CoreDataClass.swift */,
				4DB246781FDEC2E6005AB94B /* Photo+CoreDataProperties.swift */,
				4D933DD61FD8206E003523E8 /* LocationPin+CoreDataClass.swift */,
				4D933DD71FD8206E003523E8 /* LocationPin+CoreDataProperties.swift */,
				4DE17FE11FD804CA0044323D /* CoreDataStack.swift */,
				4DE17FDE1FD7FDBE0044323D /* Model.xcdatamodeld */,
				4DF4299A1FD6B9A0002C5A80 /* FlickrImage.swift */,
				4DF429941FD6B304002C5A80 /* Clients */,
			);
			path = Model;
			sourceTree = "<group>";
		};
		4DF429921FD6B297002C5A80 /* View */ = {
			isa = PBXGroup;
			children = (
				4D0870C11FD14C55004AFF53 /* Main.storyboard */,
			);
			path = View;
			sourceTree = "<group>";
		};
		4DF429931FD6B2AE002C5A80 /* Controller */ = {
			isa = PBXGroup;
			children = (
				4D0870BF1FD14C55004AFF53 /* TravelLocationsMapViewController.swift */,
				4DEC0C711FD957D200BB0BC8 /* PhotoAlbumViewController.swift */,
				4DEC0C731FD95F9F00BB0BC8 /* PhotoAlbumCollectionViewCell.swift */,
			);
			path = Controller;
			sourceTree = "<group>";
		};
		4DF429941FD6B304002C5A80 /* Clients */ = {
			isa = PBXGroup;
			children = (
				4DF429951FD6B30D002C5A80 /* Flickr */,
			);
			path = Clients;
			sourceTree = "<group>";
		};
		4DF429951FD6B30D002C5A80 /* Flickr */ = {
			isa = PBXGroup;
			children = (
				4DF429981FD6B384002C5A80 /* FlickrClient.swift */,
				4DF429961FD6B341002C5A80 /* FlickrConstants.swift */,
			);
			path = Flickr;
			sourceTree = "<group>";
		};
/* End PBXGroup section */

/* Begin PBXNativeTarget section */
		4D0870B91FD14C55004AFF53 /* VirtualTourist */ = {
			isa = PBXNativeTarget;
			buildConfigurationList = 4D0870E21FD14C55004AFF53 /* Build configuration list for PBXNativeTarget "VirtualTourist" */;
			buildPhases = (
				4D0870B71FD14C55004AFF53 /* Frameworks */,
				4D0870B81FD14C55004AFF53 /* Resources */,
				4D78D9951FD816DC00044DD3 /* Sources */,
			);
			buildRules = (
			);
			dependencies = (
			);
			name = VirtualTourist;
			productName = VirtualTourist;
			productReference = 4D0870BA1FD14C55004AFF53 /* VirtualTourist.app */;
			productType = "com.apple.product-type.application";
		};
		4D0870CD1FD14C55004AFF53 /* VirtualTouristTests */ = {
			isa = PBXNativeTarget;
			buildConfigurationList = 4D0870E51FD14C55004AFF53 /* Build configuration list for PBXNativeTarget "VirtualTouristTests" */;
			buildPhases = (
				4D0870CA1FD14C55004AFF53 /* Sources */,
				4D0870CB1FD14C55004AFF53 /* Frameworks */,
				4D0870CC1FD14C55004AFF53 /* Resources */,
			);
			buildRules = (
			);
			dependencies = (
				4D0870D01FD14C55004AFF53 /* PBXTargetDependency */,
			);
			name = VirtualTouristTests;
			productName = VirtualTouristTests;
			productReference = 4D0870CE1FD14C55004AFF53 /* VirtualTouristTests.xctest */;
			productType = "com.apple.product-type.bundle.unit-test";
		};
		4D0870D81FD14C55004AFF53 /* VirtualTouristUITests */ = {
			isa = PBXNativeTarget;
			buildConfigurationList = 4D0870E81FD14C55004AFF53 /* Build configuration list for PBXNativeTarget "VirtualTouristUITests" */;
			buildPhases = (
				4D0870D51FD14C55004AFF53 /* Sources */,
				4D0870D61FD14C55004AFF53 /* Frameworks */,
				4D0870D71FD14C55004AFF53 /* Resources */,
			);
			buildRules = (
			);
			dependencies = (
				4D0870DB1FD14C55004AFF53 /* PBXTargetDependency */,
			);
			name = VirtualTouristUITests;
			productName = VirtualTouristUITests;
			productReference = 4D0870D91FD14C55004AFF53 /* VirtualTouristUITests.xctest */;
			productType = "com.apple.product-type.bundle.ui-testing";
		};
/* End PBXNativeTarget section */

/* Begin PBXProject section */
		4D0870B21FD14C55004AFF53 /* Project object */ = {
			isa = PBXProject;
			attributes = {
				LastSwiftUpdateCheck = 0910;
				LastUpgradeCheck = 0910;
				ORGANIZATIONNAME = "Bruno Retolaza";
				TargetAttributes = {
					4D0870B91FD14C55004AFF53 = {
						CreatedOnToolsVersion = 9.1;
						ProvisioningStyle = Automatic;
					};
					4D0870CD1FD14C55004AFF53 = {
						CreatedOnToolsVersion = 9.1;
						ProvisioningStyle = Automatic;
						TestTargetID = 4D0870B91FD14C55004AFF53;
					};
					4D0870D81FD14C55004AFF53 = {
						CreatedOnToolsVersion = 9.1;
						ProvisioningStyle = Automatic;
						TestTargetID = 4D0870B91FD14C55004AFF53;
					};
				};
			};
			buildConfigurationList = 4D0870B51FD14C55004AFF53 /* Build configuration list for PBXProject "VirtualTourist" */;
			compatibilityVersion = "Xcode 8.0";
			developmentRegion = en;
			hasScannedForEncodings = 0;
			knownRegions = (
				en,
				Base,
			);
			mainGroup = 4D0870B11FD14C55004AFF53;
			productRefGroup = 4D0870BB1FD14C55004AFF53 /* Products */;
			projectDirPath = "";
			projectRoot = "";
			targets = (
				4D0870B91FD14C55004AFF53 /* VirtualTourist */,
				4D0870CD1FD14C55004AFF53 /* VirtualTouristTests */,
				4D0870D81FD14C55004AFF53 /* VirtualTouristUITests */,
			);
		};
/* End PBXProject section */

/* Begin PBXResourcesBuildPhase section */
		4D0870B81FD14C55004AFF53 /* Resources */ = {
			isa = PBXResourcesBuildPhase;
			buildActionMask = 2147483647;
			files = (
				4D0870C81FD14C55004AFF53 /* LaunchScreen.storyboard in Resources */,
				4D0870C51FD14C55004AFF53 /* Assets.xcassets in Resources */,
				4D0870C31FD14C55004AFF53 /* Main.storyboard in Resources */,
			);
			runOnlyForDeploymentPostprocessing = 0;
		};
		4D0870CC1FD14C55004AFF53 /* Resources */ = {
			isa = PBXResourcesBuildPhase;
			buildActionMask = 2147483647;
			files = (
			);
			runOnlyForDeploymentPostprocessing = 0;
		};
		4D0870D71FD14C55004AFF53 /* Resources */ = {
			isa = PBXResourcesBuildPhase;
			buildActionMask = 2147483647;
			files = (
			);
			runOnlyForDeploymentPostprocessing = 0;
		};
/* End PBXResourcesBuildPhase section */

/* Begin PBXSourcesBuildPhase section */
		4D0870CA1FD14C55004AFF53 /* Sources */ = {
			isa = PBXSourcesBuildPhase;
			buildActionMask = 2147483647;
			files = (
				4D0870D31FD14C55004AFF53 /* VirtualTouristTests.swift in Sources */,
			);
			runOnlyForDeploymentPostprocessing = 0;
		};
		4D0870D51FD14C55004AFF53 /* Sources */ = {
			isa = PBXSourcesBuildPhase;
			buildActionMask = 2147483647;
			files = (
				4D0870DE1FD14C55004AFF53 /* VirtualTouristUITests.swift in Sources */,
			);
			runOnlyForDeploymentPostprocessing = 0;
		};
		4D78D9951FD816DC00044DD3 /* Sources */ = {
			isa = PBXSourcesBuildPhase;
			buildActionMask = 2147483647;
			files = (
				4DB246791FDEC2E6005AB94B /* Photo+CoreDataClass.swift in Sources */,
				4DEC0C721FD957D200BB0BC8 /* PhotoAlbumViewController.swift in Sources */,
				4D78D9961FD816FD00044DD3 /* AppDelegate.swift in Sources */,
				4D78D9971FD816FD00044DD3 /* GCDQueue.swift in Sources */,
				4D933DD91FD8206E003523E8 /* LocationPin+CoreDataProperties.swift in Sources */,
				4D78D9981FD816FD00044DD3 /* CoreDataStack.swift in Sources */,
				4D78D9991FD816FD00044DD3 /* Model.xcdatamodeld in Sources */,
				4D78D99A1FD816FD00044DD3 /* FlickrImage.swift in Sources */,
				4D78D99B1FD816FD00044DD3 /* FlickrClient.swift in Sources */,
				4D933DD81FD8206E003523E8 /* LocationPin+CoreDataClass.swift in Sources */,
				4D78D99C1FD816FD00044DD3 /* FlickrConstants.swift in Sources */,
				4D78D99D1FD816FD00044DD3 /* TravelLocationsMapViewController.swift in Sources */,
				4DB2467A1FDEC2E6005AB94B /* Photo+CoreDataProperties.swift in Sources */,
				4DEC0C741FD95F9F00BB0BC8 /* PhotoAlbumCollectionViewCell.swift in Sources */,
			);
			runOnlyForDeploymentPostprocessing = 0;
		};
/* End PBXSourcesBuildPhase section */

/* Begin PBXTargetDependency section */
		4D0870D01FD14C55004AFF53 /* PBXTargetDependency */ = {
			isa = PBXTargetDependency;
			target = 4D0870B91FD14C55004AFF53 /* VirtualTourist */;
			targetProxy = 4D0870CF1FD14C55004AFF53 /* PBXContainerItemProxy */;
		};
		4D0870DB1FD14C55004AFF53 /* PBXTargetDependency */ = {
			isa = PBXTargetDependency;
			target = 4D0870B91FD14C55004AFF53 /* VirtualTourist */;
			targetProxy = 4D0870DA1FD14C55004AFF53 /* PBXContainerItemProxy */;
		};
/* End PBXTargetDependency section */

/* Begin PBXVariantGroup section */
		4D0870C11FD14C55004AFF53 /* Main.storyboard */ = {
			isa = PBXVariantGroup;
			children = (
				4D0870C21FD14C55004AFF53 /* Base */,
			);
			name = Main.storyboard;
			sourceTree = "<group>";
		};
		4D0870C61FD14C55004AFF53 /* LaunchScreen.storyboard */ = {
			isa = PBXVariantGroup;
			children = (
				4D0870C71FD14C55004AFF53 /* Base */,
			);
			name = LaunchScreen.storyboard;
			sourceTree = "<group>";
		};
/* End PBXVariantGroup section */

/* Begin XCBuildConfiguration section */
		4D0870E01FD14C55004AFF53 /* Debug */ = {
			isa = XCBuildConfiguration;
			buildSettings = {
				ALWAYS_SEARCH_USER_PATHS = NO;
				CLANG_ANALYZER_NONNULL = YES;
				CLANG_ANALYZER_NUMBER_OBJECT_CONVERSION = YES_AGGRESSIVE;
				CLANG_CXX_LANGUAGE_STANDARD = "gnu++14";
				CLANG_CXX_LIBRARY = "libc++";
				CLANG_ENABLE_MODULES = YES;
				CLANG_ENABLE_OBJC_ARC = YES;
				CLANG_WARN_BLOCK_CAPTURE_AUTORELEASING = YES;
				CLANG_WARN_BOOL_CONVERSION = YES;
				CLANG_WARN_COMMA = YES;
				CLANG_WARN_CONSTANT_CONVERSION = YES;
				CLANG_WARN_DIRECT_OBJC_ISA_USAGE = YES_ERROR;
				CLANG_WARN_DOCUMENTATION_COMMENTS = YES;
				CLANG_WARN_EMPTY_BODY = YES;
				CLANG_WARN_ENUM_CONVERSION = YES;
				CLANG_WARN_INFINITE_RECURSION = YES;
				CLANG_WARN_INT_CONVERSION = YES;
				CLANG_WARN_NON_LITERAL_NULL_CONVERSION = YES;
				CLANG_WARN_OBJC_LITERAL_CONVERSION = YES;
				CLANG_WARN_OBJC_ROOT_CLASS = YES_ERROR;
				CLANG_WARN_RANGE_LOOP_ANALYSIS = YES;
				CLANG_WARN_STRICT_PROTOTYPES = YES;
				CLANG_WARN_SUSPICIOUS_MOVE = YES;
				CLANG_WARN_UNGUARDED_AVAILABILITY = YES_AGGRESSIVE;
				CLANG_WARN_UNREACHABLE_CODE = YES;
				CLANG_WARN__DUPLICATE_METHOD_MATCH = YES;
				CODE_SIGN_IDENTITY = "iPhone Developer";
				COPY_PHASE_STRIP = NO;
				DEBUG_INFORMATION_FORMAT = dwarf;
				ENABLE_STRICT_OBJC_MSGSEND = YES;
				ENABLE_TESTABILITY = YES;
				GCC_C_LANGUAGE_STANDARD = gnu11;
				GCC_DYNAMIC_NO_PIC = NO;
				GCC_NO_COMMON_BLOCKS = YES;
				GCC_OPTIMIZATION_LEVEL = 0;
				GCC_PREPROCESSOR_DEFINITIONS = (
					"DEBUG=1",
					"$(inherited)",
				);
				GCC_WARN_64_TO_32_BIT_CONVERSION = YES;
				GCC_WARN_ABOUT_RETURN_TYPE = YES_ERROR;
				GCC_WARN_UNDECLARED_SELECTOR = YES;
				GCC_WARN_UNINITIALIZED_AUTOS = YES_AGGRESSIVE;
				GCC_WARN_UNUSED_FUNCTION = YES;
				GCC_WARN_UNUSED_VARIABLE = YES;
				IPHONEOS_DEPLOYMENT_TARGET = 11.1;
				MTL_ENABLE_DEBUG_INFO = YES;
				ONLY_ACTIVE_ARCH = YES;
				SDKROOT = iphoneos;
				SWIFT_ACTIVE_COMPILATION_CONDITIONS = DEBUG;
				SWIFT_OPTIMIZATION_LEVEL = "-Onone";
			};
			name = Debug;
		};
		4D0870E11FD14C55004AFF53 /* Release */ = {
			isa = XCBuildConfiguration;
			buildSettings = {
				ALWAYS_SEARCH_USER_PATHS = NO;
				CLANG_ANALYZER_NONNULL = YES;
				CLANG_ANALYZER_NUMBER_OBJECT_CONVERSION = YES_AGGRESSIVE;
				CLANG_CXX_LANGUAGE_STANDARD = "gnu++14";
				CLANG_CXX_LIBRARY = "libc++";
				CLANG_ENABLE_MODULES = YES;
				CLANG_ENABLE_OBJC_ARC = YES;
				CLANG_WARN_BLOCK_CAPTURE_AUTORELEASING = YES;
				CLANG_WARN_BOOL_CONVERSION = YES;
				CLANG_WARN_COMMA = YES;
				CLANG_WARN_CONSTANT_CONVERSION = YES;
				CLANG_WARN_DIRECT_OBJC_ISA_USAGE = YES_ERROR;
				CLANG_WARN_DOCUMENTATION_COMMENTS = YES;
				CLANG_WARN_EMPTY_BODY = YES;
				CLANG_WARN_ENUM_CONVERSION = YES;
				CLANG_WARN_INFINITE_RECURSION = YES;
				CLANG_WARN_INT_CONVERSION = YES;
				CLANG_WARN_NON_LITERAL_NULL_CONVERSION = YES;
				CLANG_WARN_OBJC_LITERAL_CONVERSION = YES;
				CLANG_WARN_OBJC_ROOT_CLASS = YES_ERROR;
				CLANG_WARN_RANGE_LOOP_ANALYSIS = YES;
				CLANG_WARN_STRICT_PROTOTYPES = YES;
				CLANG_WARN_SUSPICIOUS_MOVE = YES;
				CLANG_WARN_UNGUARDED_AVAILABILITY = YES_AGGRESSIVE;
				CLANG_WARN_UNREACHABLE_CODE = YES;
				CLANG_WARN__DUPLICATE_METHOD_MATCH = YES;
				CODE_SIGN_IDENTITY = "iPhone Developer";
				COPY_PHASE_STRIP = NO;
				DEBUG_INFORMATION_FORMAT = "dwarf-with-dsym";
				ENABLE_NS_ASSERTIONS = NO;
				ENABLE_STRICT_OBJC_MSGSEND = YES;
				GCC_C_LANGUAGE_STANDARD = gnu11;
				GCC_NO_COMMON_BLOCKS = YES;
				GCC_WARN_64_TO_32_BIT_CONVERSION = YES;
				GCC_WARN_ABOUT_RETURN_TYPE = YES_ERROR;
				GCC_WARN_UNDECLARED_SELECTOR = YES;
				GCC_WARN_UNINITIALIZED_AUTOS = YES_AGGRESSIVE;
				GCC_WARN_UNUSED_FUNCTION = YES;
				GCC_WARN_UNUSED_VARIABLE = YES;
				IPHONEOS_DEPLOYMENT_TARGET = 11.1;
				MTL_ENABLE_DEBUG_INFO = NO;
				SDKROOT = iphoneos;
				SWIFT_OPTIMIZATION_LEVEL = "-Owholemodule";
				VALIDATE_PRODUCT = YES;
			};
			name = Release;
		};
		4D0870E31FD14C55004AFF53 /* Debug */ = {
			isa = XCBuildConfiguration;
			buildSettings = {
				ASSETCATALOG_COMPILER_APPICON_NAME = AppIcon;
				CODE_SIGN_STYLE = Automatic;
				INFOPLIST_FILE = VirtualTourist/Info.plist;
				LD_RUNPATH_SEARCH_PATHS = "$(inherited) @executable_path/Frameworks";
				PRODUCT_BUNDLE_IDENTIFIER = com.kuruchy.VirtualTourist;
				PRODUCT_NAME = "$(TARGET_NAME)";
				SWIFT_VERSION = 4.0;
				TARGETED_DEVICE_FAMILY = "1,2";
			};
			name = Debug;
		};
		4D0870E41FD14C55004AFF53 /* Release */ = {
			isa = XCBuildConfiguration;
			buildSettings = {
				ASSETCATALOG_COMPILER_APPICON_NAME = AppIcon;
				CODE_SIGN_STYLE = Automatic;
				INFOPLIST_FILE = VirtualTourist/Info.plist;
				LD_RUNPATH_SEARCH_PATHS = "$(inherited) @executable_path/Frameworks";
				PRODUCT_BUNDLE_IDENTIFIER = com.kuruchy.VirtualTourist;
				PRODUCT_NAME = "$(TARGET_NAME)";
				SWIFT_VERSION = 4.0;
				TARGETED_DEVICE_FAMILY = "1,2";
			};
			name = Release;
		};
		4D0870E61FD14C55004AFF53 /* Debug */ = {
			isa = XCBuildConfiguration;
			buildSettings = {
				ALWAYS_EMBED_SWIFT_STANDARD_LIBRARIES = YES;
				BUNDLE_LOADER = "$(TEST_HOST)";
				CODE_SIGN_STYLE = Automatic;
				INFOPLIST_FILE = VirtualTouristTests/Info.plist;
				LD_RUNPATH_SEARCH_PATHS = "$(inherited) @executable_path/Frameworks @loader_path/Frameworks";
				PRODUCT_BUNDLE_IDENTIFIER = com.kuruchy.VirtualTouristTests;
				PRODUCT_NAME = "$(TARGET_NAME)";
				SWIFT_VERSION = 4.0;
				TARGETED_DEVICE_FAMILY = "1,2";
				TEST_HOST = "$(BUILT_PRODUCTS_DIR)/VirtualTourist.app/VirtualTourist";
			};
			name = Debug;
		};
		4D0870E71FD14C55004AFF53 /* Release */ = {
			isa = XCBuildConfiguration;
			buildSettings = {
				ALWAYS_EMBED_SWIFT_STANDARD_LIBRARIES = YES;
				BUNDLE_LOADER = "$(TEST_HOST)";
				CODE_SIGN_STYLE = Automatic;
				INFOPLIST_FILE = VirtualTouristTests/Info.plist;
				LD_RUNPATH_SEARCH_PATHS = "$(inherited) @executable_path/Frameworks @loader_path/Frameworks";
				PRODUCT_BUNDLE_IDENTIFIER = com.kuruchy.VirtualTouristTests;
				PRODUCT_NAME = "$(TARGET_NAME)";
				SWIFT_VERSION = 4.0;
				TARGETED_DEVICE_FAMILY = "1,2";
				TEST_HOST = "$(BUILT_PRODUCTS_DIR)/VirtualTourist.app/VirtualTourist";
			};
			name = Release;
		};
		4D0870E91FD14C55004AFF53 /* Debug */ = {
			isa = XCBuildConfiguration;
			buildSettings = {
				ALWAYS_EMBED_SWIFT_STANDARD_LIBRARIES = YES;
				CODE_SIGN_STYLE = Automatic;
				INFOPLIST_FILE = VirtualTouristUITests/Info.plist;
				LD_RUNPATH_SEARCH_PATHS = "$(inherited) @executable_path/Frameworks @loader_path/Frameworks";
				PRODUCT_BUNDLE_IDENTIFIER = com.kuruchy.VirtualTouristUITests;
				PRODUCT_NAME = "$(TARGET_NAME)";
				SWIFT_VERSION = 4.0;
				TARGETED_DEVICE_FAMILY = "1,2";
				TEST_TARGET_NAME = VirtualTourist;
			};
			name = Debug;
		};
		4D0870EA1FD14C55004AFF53 /* Release */ = {
			isa = XCBuildConfiguration;
			buildSettings = {
				ALWAYS_EMBED_SWIFT_STANDARD_LIBRARIES = YES;
				CODE_SIGN_STYLE = Automatic;
				INFOPLIST_FILE = VirtualTouristUITests/Info.plist;
				LD_RUNPATH_SEARCH_PATHS = "$(inherited) @executable_path/Frameworks @loader_path/Frameworks";
				PRODUCT_BUNDLE_IDENTIFIER = com.kuruchy.VirtualTouristUITests;
				PRODUCT_NAME = "$(TARGET_NAME)";
				SWIFT_VERSION = 4.0;
				TARGETED_DEVICE_FAMILY = "1,2";
				TEST_TARGET_NAME = VirtualTourist;
			};
			name = Release;
		};
/* End XCBuildConfiguration section */

/* Begin XCConfigurationList section */
		4D0870B51FD14C55004AFF53 /* Build configuration list for PBXProject "VirtualTourist" */ = {
			isa = XCConfigurationList;
			buildConfigurations = (
				4D0870E01FD14C55004AFF53 /* Debug */,
				4D0870E11FD14C55004AFF53 /* Release */,
			);
			defaultConfigurationIsVisible = 0;
			defaultConfigurationName = Release;
		};
		4D0870E21FD14C55004AFF53 /* Build configuration list for PBXNativeTarget "VirtualTourist" */ = {
			isa = XCConfigurationList;
			buildConfigurations = (
				4D0870E31FD14C55004AFF53 /* Debug */,
				4D0870E41FD14C55004AFF53 /* Release */,
			);
			defaultConfigurationIsVisible = 0;
			defaultConfigurationName = Release;
		};
		4D0870E51FD14C55004AFF53 /* Build configuration list for PBXNativeTarget "VirtualTouristTests" */ = {
			isa = XCConfigurationList;
			buildConfigurations = (
				4D0870E61FD14C55004AFF53 /* Debug */,
				4D0870E71FD14C55004AFF53 /* Release */,
			);
			defaultConfigurationIsVisible = 0;
			defaultConfigurationName = Release;
		};
		4D0870E81FD14C55004AFF53 /* Build configuration list for PBXNativeTarget "VirtualTouristUITests" */ = {
			isa = XCConfigurationList;
			buildConfigurations = (
				4D0870E91FD14C55004AFF53 /* Debug */,
				4D0870EA1FD14C55004AFF53 /* Release */,
			);
			defaultConfigurationIsVisible = 0;
			defaultConfigurationName = Release;
		};
/* End XCConfigurationList section */

/* Begin XCVersionGroup section */
		4DE17FDE1FD7FDBE0044323D /* Model.xcdatamodeld */ = {
			isa = XCVersionGroup;
			children = (
				4DE17FDF1FD7FDBE0044323D /* Model.xcdatamodel */,
			);
			currentVersion = 4DE17FDF1FD7FDBE0044323D /* Model.xcdatamodel */;
			path = Model.xcdatamodeld;
			sourceTree = "<group>";
			versionGroupType = wrapper.xcdatamodel;
		};
/* End XCVersionGroup section */
	};
	rootObject = 4D0870B21FD14C55004AFF53 /* Project object */;
}
